// !$*UTF8*$!
{
	archiveVersion = 1;
	classes = {
	};
	objectVersion = 50;
	objects = {

/* Begin PBXBuildFile section */
		C9844A0322DF35B3002ADAAC /* Weft.h in Headers */ = {isa = PBXBuildFile; fileRef = C9844A0122DF35B3002ADAAC /* Weft.h */; settings = {ATTRIBUTES = (Public, ); }; };
		C9844A1322DF35E5002ADAAC /* WeftWindow.h in Headers */ = {isa = PBXBuildFile; fileRef = C9844A0922DF35E5002ADAAC /* WeftWindow.h */; };
		C9844A1422DF35E5002ADAAC /* WeftWindow.m in Sources */ = {isa = PBXBuildFile; fileRef = C9844A0A22DF35E5002ADAAC /* WeftWindow.m */; };
		C9844A1522DF35E5002ADAAC /* WeftViewController.m in Sources */ = {isa = PBXBuildFile; fileRef = C9844A0B22DF35E5002ADAAC /* WeftViewController.m */; };
		C9844A1722DF35E5002ADAAC /* WeftParser.h in Headers */ = {isa = PBXBuildFile; fileRef = C9844A0D22DF35E5002ADAAC /* WeftParser.h */; };
		C9844A1822DF35E5002ADAAC /* WeftParser.m in Sources */ = {isa = PBXBuildFile; fileRef = C9844A0E22DF35E5002ADAAC /* WeftParser.m */; };
		C9844A1922DF35E5002ADAAC /* WeftRunner.m in Sources */ = {isa = PBXBuildFile; fileRef = C9844A0F22DF35E5002ADAAC /* WeftRunner.m */; };
		C9844A1A22DF35E5002ADAAC /* WeftViewController.h in Headers */ = {isa = PBXBuildFile; fileRef = C9844A1022DF35E5002ADAAC /* WeftViewController.h */; };
		C9844A1B22DF35E5002ADAAC /* WeftRunner.h in Headers */ = {isa = PBXBuildFile; fileRef = C9844A1122DF35E5002ADAAC /* WeftRunner.h */; };
		C9844A1C22DF35E5002ADAAC /* README.md in Resources */ = {isa = PBXBuildFile; fileRef = C9844A1222DF35E5002ADAAC /* README.md */; };
		C9844A2522DF3606002ADAAC /* AppDelegate.m in Sources */ = {isa = PBXBuildFile; fileRef = C9844A2422DF3606002ADAAC /* AppDelegate.m */; };
		C9844A2722DF3606002ADAAC /* Assets.xcassets in Resources */ = {isa = PBXBuildFile; fileRef = C9844A2622DF3606002ADAAC /* Assets.xcassets */; };
		C9844A2A22DF3606002ADAAC /* MainMenu.xib in Resources */ = {isa = PBXBuildFile; fileRef = C9844A2822DF3606002ADAAC /* MainMenu.xib */; };
		C9844A2D22DF3606002ADAAC /* main.m in Sources */ = {isa = PBXBuildFile; fileRef = C9844A2C22DF3606002ADAAC /* main.m */; };
		C9844A3222DF363B002ADAAC /* Weft.framework in Frameworks */ = {isa = PBXBuildFile; fileRef = C98449FE22DF35B3002ADAAC /* Weft.framework */; };
		C9844A3322DF363B002ADAAC /* Weft.framework in Embed Frameworks */ = {isa = PBXBuildFile; fileRef = C98449FE22DF35B3002ADAAC /* Weft.framework */; settings = {ATTRIBUTES = (CodeSignOnCopy, RemoveHeadersOnCopy, ); }; };
		C9F3450222DF371B00435DF1 /* NSView+Weft.h in Headers */ = {isa = PBXBuildFile; fileRef = C9F344FE22DF371B00435DF1 /* NSView+Weft.h */; };
		C9F3450322DF371B00435DF1 /* NSView+Weft.m in Sources */ = {isa = PBXBuildFile; fileRef = C9F344FF22DF371B00435DF1 /* NSView+Weft.m */; };
		C9F3450422DF371B00435DF1 /* NSDictionary+Weft.h in Headers */ = {isa = PBXBuildFile; fileRef = C9F3450022DF371B00435DF1 /* NSDictionary+Weft.h */; };
		C9F3450522DF371B00435DF1 /* NSDictionary+Weft.m in Sources */ = {isa = PBXBuildFile; fileRef = C9F3450122DF371B00435DF1 /* NSDictionary+Weft.m */; };
		C9F3450922DF3B8900435DF1 /* WeftElementGenerator.h in Headers */ = {isa = PBXBuildFile; fileRef = C9F3450722DF3B8900435DF1 /* WeftElementGenerator.h */; };
		C9F3450A22DF3B8900435DF1 /* WeftElementGenerator.m in Sources */ = {isa = PBXBuildFile; fileRef = C9F3450822DF3B8900435DF1 /* WeftElementGenerator.m */; };
		C9F3450D22DF3B9900435DF1 /* WeftButtonGenerator.h in Headers */ = {isa = PBXBuildFile; fileRef = C9F3450B22DF3B9900435DF1 /* WeftButtonGenerator.h */; };
		C9F3450E22DF3B9900435DF1 /* WeftButtonGenerator.m in Sources */ = {isa = PBXBuildFile; fileRef = C9F3450C22DF3B9900435DF1 /* WeftButtonGenerator.m */; };
		C9F3451122DF3BC400435DF1 /* WeftApplication.h in Headers */ = {isa = PBXBuildFile; fileRef = C9F3450F22DF3BC400435DF1 /* WeftApplication.h */; };
		C9F3451222DF3BC400435DF1 /* WeftApplication.m in Sources */ = {isa = PBXBuildFile; fileRef = C9F3451022DF3BC400435DF1 /* WeftApplication.m */; };
		C9F3451522DF426800435DF1 /* WeftCompiler.h in Headers */ = {isa = PBXBuildFile; fileRef = C9F3451322DF426800435DF1 /* WeftCompiler.h */; };
		C9F3451622DF426800435DF1 /* WeftCompiler.m in Sources */ = {isa = PBXBuildFile; fileRef = C9F3451422DF426800435DF1 /* WeftCompiler.m */; };
		C9F3451922DF63D000435DF1 /* WeftRowGenerator.h in Headers */ = {isa = PBXBuildFile; fileRef = C9F3451722DF63D000435DF1 /* WeftRowGenerator.h */; };
		C9F3451A22DF63D000435DF1 /* WeftRowGenerator.m in Sources */ = {isa = PBXBuildFile; fileRef = C9F3451822DF63D000435DF1 /* WeftRowGenerator.m */; };
		C9F3451D22DF63DE00435DF1 /* WeftColGenerator.h in Headers */ = {isa = PBXBuildFile; fileRef = C9F3451B22DF63DE00435DF1 /* WeftColGenerator.h */; };
		C9F3451E22DF63DE00435DF1 /* WeftColGenerator.m in Sources */ = {isa = PBXBuildFile; fileRef = C9F3451C22DF63DE00435DF1 /* WeftColGenerator.m */; };
		C9F3452122DF63EB00435DF1 /* WeftTextfieldGenerator.h in Headers */ = {isa = PBXBuildFile; fileRef = C9F3451F22DF63EB00435DF1 /* WeftTextfieldGenerator.h */; };
		C9F3452222DF63EB00435DF1 /* WeftTextfieldGenerator.m in Sources */ = {isa = PBXBuildFile; fileRef = C9F3452022DF63EB00435DF1 /* WeftTextfieldGenerator.m */; };
		C9F3452522DF650500435DF1 /* WeftWindowGenerator.h in Headers */ = {isa = PBXBuildFile; fileRef = C9F3452322DF650500435DF1 /* WeftWindowGenerator.h */; };
		C9F3452622DF650500435DF1 /* WeftWindowGenerator.m in Sources */ = {isa = PBXBuildFile; fileRef = C9F3452422DF650500435DF1 /* WeftWindowGenerator.m */; };
		C9F3452922DF716500435DF1 /* WeftFlippedView.h in Headers */ = {isa = PBXBuildFile; fileRef = C9F3452722DF716500435DF1 /* WeftFlippedView.h */; };
		C9F3452A22DF716500435DF1 /* WeftFlippedView.m in Sources */ = {isa = PBXBuildFile; fileRef = C9F3452822DF716500435DF1 /* WeftFlippedView.m */; };
		C9F3452F22E0571800435DF1 /* WeftCheckboxGenerator.h in Headers */ = {isa = PBXBuildFile; fileRef = C9F3452D22E0571800435DF1 /* WeftCheckboxGenerator.h */; };
		C9F3453022E0571800435DF1 /* WeftCheckboxGenerator.m in Sources */ = {isa = PBXBuildFile; fileRef = C9F3452E22E0571800435DF1 /* WeftCheckboxGenerator.m */; };
		C9F3453322E05B9800435DF1 /* WeftLabelGenerator.h in Headers */ = {isa = PBXBuildFile; fileRef = C9F3453122E05B9800435DF1 /* WeftLabelGenerator.h */; };
		C9F3453422E05B9800435DF1 /* WeftLabelGenerator.m in Sources */ = {isa = PBXBuildFile; fileRef = C9F3453222E05B9800435DF1 /* WeftLabelGenerator.m */; };
		C9F5F41522E06C93003FD0F5 /* WeftPopupbuttonGenerator.h in Headers */ = {isa = PBXBuildFile; fileRef = C9F5F41322E06C93003FD0F5 /* WeftPopupbuttonGenerator.h */; };
		C9F5F41622E06C93003FD0F5 /* WeftPopupbuttonGenerator.m in Sources */ = {isa = PBXBuildFile; fileRef = C9F5F41422E06C93003FD0F5 /* WeftPopupbuttonGenerator.m */; };
		C9F5F42122E07B49003FD0F5 /* WeftOkGenerator.h in Headers */ = {isa = PBXBuildFile; fileRef = C9F5F41F22E07B49003FD0F5 /* WeftOkGenerator.h */; };
		C9F5F42222E07B49003FD0F5 /* WeftOkGenerator.m in Sources */ = {isa = PBXBuildFile; fileRef = C9F5F42022E07B49003FD0F5 /* WeftOkGenerator.m */; };
		C9F5F42522E07CCA003FD0F5 /* WeftCancelGenerator.h in Headers */ = {isa = PBXBuildFile; fileRef = C9F5F42322E07CCA003FD0F5 /* WeftCancelGenerator.h */; };
		C9F5F42622E07CCA003FD0F5 /* WeftCancelGenerator.m in Sources */ = {isa = PBXBuildFile; fileRef = C9F5F42422E07CCA003FD0F5 /* WeftCancelGenerator.m */; };
		C9F5F42922E08076003FD0F5 /* WeftDatepickerGenerator.h in Headers */ = {isa = PBXBuildFile; fileRef = C9F5F42722E08076003FD0F5 /* WeftDatepickerGenerator.h */; };
		C9F5F42A22E08076003FD0F5 /* WeftDatepickerGenerator.m in Sources */ = {isa = PBXBuildFile; fileRef = C9F5F42822E08076003FD0F5 /* WeftDatepickerGenerator.m */; };
		C9F5F42D22E08E50003FD0F5 /* WeftTextboxGenerator.h in Headers */ = {isa = PBXBuildFile; fileRef = C9F5F42B22E08E50003FD0F5 /* WeftTextboxGenerator.h */; };
		C9F5F42E22E08E50003FD0F5 /* WeftTextboxGenerator.m in Sources */ = {isa = PBXBuildFile; fileRef = C9F5F42C22E08E50003FD0F5 /* WeftTextboxGenerator.m */; };
		C9F5F43122E095ED003FD0F5 /* WeftPasswordGenerator.h in Headers */ = {isa = PBXBuildFile; fileRef = C9F5F42F22E095ED003FD0F5 /* WeftPasswordGenerator.h */; };
		C9F5F43222E095ED003FD0F5 /* WeftPasswordGenerator.m in Sources */ = {isa = PBXBuildFile; fileRef = C9F5F43022E095ED003FD0F5 /* WeftPasswordGenerator.m */; };
		C9F5F43422E0BD97003FD0F5 /* example1.weft in Resources */ = {isa = PBXBuildFile; fileRef = C9F5F43322E0BD97003FD0F5 /* example1.weft */; };
		C9F5F43722E0CE9E003FD0F5 /* WeftComboGenerator.h in Headers */ = {isa = PBXBuildFile; fileRef = C9F5F43522E0CE9E003FD0F5 /* WeftComboGenerator.h */; };
		C9F5F43822E0CE9E003FD0F5 /* WeftComboGenerator.m in Sources */ = {isa = PBXBuildFile; fileRef = C9F5F43622E0CE9E003FD0F5 /* WeftComboGenerator.m */; };
/* End PBXBuildFile section */

/* Begin PBXContainerItemProxy section */
		C9844A3422DF363B002ADAAC /* PBXContainerItemProxy */ = {
			isa = PBXContainerItemProxy;
			containerPortal = C98449F522DF35B3002ADAAC /* Project object */;
			proxyType = 1;
			remoteGlobalIDString = C98449FD22DF35B3002ADAAC;
			remoteInfo = Weft;
		};
/* End PBXContainerItemProxy section */

/* Begin PBXCopyFilesBuildPhase section */
		C9844A3622DF363B002ADAAC /* Embed Frameworks */ = {
			isa = PBXCopyFilesBuildPhase;
			buildActionMask = 2147483647;
			dstPath = "";
			dstSubfolderSpec = 10;
			files = (
				C9844A3322DF363B002ADAAC /* Weft.framework in Embed Frameworks */,
			);
			name = "Embed Frameworks";
			runOnlyForDeploymentPostprocessing = 0;
		};
/* End PBXCopyFilesBuildPhase section */

/* Begin PBXFileReference section */
		C98449FE22DF35B3002ADAAC /* Weft.framework */ = {isa = PBXFileReference; explicitFileType = wrapper.framework; includeInIndex = 0; path = Weft.framework; sourceTree = BUILT_PRODUCTS_DIR; };
		C9844A0122DF35B3002ADAAC /* Weft.h */ = {isa = PBXFileReference; lastKnownFileType = sourcecode.c.h; path = Weft.h; sourceTree = "<group>"; };
		C9844A0222DF35B3002ADAAC /* Info.plist */ = {isa = PBXFileReference; lastKnownFileType = text.plist.xml; path = Info.plist; sourceTree = "<group>"; };
		C9844A0922DF35E5002ADAAC /* WeftWindow.h */ = {isa = PBXFileReference; fileEncoding = 4; lastKnownFileType = sourcecode.c.h; path = WeftWindow.h; sourceTree = "<group>"; };
		C9844A0A22DF35E5002ADAAC /* WeftWindow.m */ = {isa = PBXFileReference; fileEncoding = 4; lastKnownFileType = sourcecode.c.objc; path = WeftWindow.m; sourceTree = "<group>"; };
		C9844A0B22DF35E5002ADAAC /* WeftViewController.m */ = {isa = PBXFileReference; fileEncoding = 4; lastKnownFileType = sourcecode.c.objc; path = WeftViewController.m; sourceTree = "<group>"; };
		C9844A0D22DF35E5002ADAAC /* WeftParser.h */ = {isa = PBXFileReference; fileEncoding = 4; lastKnownFileType = sourcecode.c.h; path = WeftParser.h; sourceTree = "<group>"; };
		C9844A0E22DF35E5002ADAAC /* WeftParser.m */ = {isa = PBXFileReference; fileEncoding = 4; lastKnownFileType = sourcecode.c.objc; path = WeftParser.m; sourceTree = "<group>"; };
		C9844A0F22DF35E5002ADAAC /* WeftRunner.m */ = {isa = PBXFileReference; fileEncoding = 4; lastKnownFileType = sourcecode.c.objc; path = WeftRunner.m; sourceTree = "<group>"; };
		C9844A1022DF35E5002ADAAC /* WeftViewController.h */ = {isa = PBXFileReference; fileEncoding = 4; lastKnownFileType = sourcecode.c.h; path = WeftViewController.h; sourceTree = "<group>"; };
		C9844A1122DF35E5002ADAAC /* WeftRunner.h */ = {isa = PBXFileReference; fileEncoding = 4; lastKnownFileType = sourcecode.c.h; path = WeftRunner.h; sourceTree = "<group>"; };
		C9844A1222DF35E5002ADAAC /* README.md */ = {isa = PBXFileReference; fileEncoding = 4; lastKnownFileType = net.daringfireball.markdown; path = README.md; sourceTree = "<group>"; };
		C9844A2122DF3606002ADAAC /* WeftHarness.app */ = {isa = PBXFileReference; explicitFileType = wrapper.application; includeInIndex = 0; path = WeftHarness.app; sourceTree = BUILT_PRODUCTS_DIR; };
		C9844A2322DF3606002ADAAC /* AppDelegate.h */ = {isa = PBXFileReference; lastKnownFileType = sourcecode.c.h; path = AppDelegate.h; sourceTree = "<group>"; };
		C9844A2422DF3606002ADAAC /* AppDelegate.m */ = {isa = PBXFileReference; lastKnownFileType = sourcecode.c.objc; path = AppDelegate.m; sourceTree = "<group>"; };
		C9844A2622DF3606002ADAAC /* Assets.xcassets */ = {isa = PBXFileReference; lastKnownFileType = folder.assetcatalog; path = Assets.xcassets; sourceTree = "<group>"; };
		C9844A2922DF3606002ADAAC /* Base */ = {isa = PBXFileReference; lastKnownFileType = file.xib; name = Base; path = Base.lproj/MainMenu.xib; sourceTree = "<group>"; };
		C9844A2B22DF3606002ADAAC /* Info.plist */ = {isa = PBXFileReference; lastKnownFileType = text.plist.xml; path = Info.plist; sourceTree = "<group>"; };
		C9844A2C22DF3606002ADAAC /* main.m */ = {isa = PBXFileReference; lastKnownFileType = sourcecode.c.objc; path = main.m; sourceTree = "<group>"; };
		C9844A2E22DF3606002ADAAC /* WeftHarness.entitlements */ = {isa = PBXFileReference; lastKnownFileType = text.plist.entitlements; path = WeftHarness.entitlements; sourceTree = "<group>"; };
		C9F344FE22DF371B00435DF1 /* NSView+Weft.h */ = {isa = PBXFileReference; fileEncoding = 4; lastKnownFileType = sourcecode.c.h; path = "NSView+Weft.h"; sourceTree = "<group>"; };
		C9F344FF22DF371B00435DF1 /* NSView+Weft.m */ = {isa = PBXFileReference; fileEncoding = 4; lastKnownFileType = sourcecode.c.objc; path = "NSView+Weft.m"; sourceTree = "<group>"; };
		C9F3450022DF371B00435DF1 /* NSDictionary+Weft.h */ = {isa = PBXFileReference; fileEncoding = 4; lastKnownFileType = sourcecode.c.h; path = "NSDictionary+Weft.h"; sourceTree = "<group>"; };
		C9F3450122DF371B00435DF1 /* NSDictionary+Weft.m */ = {isa = PBXFileReference; fileEncoding = 4; lastKnownFileType = sourcecode.c.objc; path = "NSDictionary+Weft.m"; sourceTree = "<group>"; };
		C9F3450722DF3B8900435DF1 /* WeftElementGenerator.h */ = {isa = PBXFileReference; lastKnownFileType = sourcecode.c.h; path = WeftElementGenerator.h; sourceTree = "<group>"; };
		C9F3450822DF3B8900435DF1 /* WeftElementGenerator.m */ = {isa = PBXFileReference; lastKnownFileType = sourcecode.c.objc; path = WeftElementGenerator.m; sourceTree = "<group>"; };
		C9F3450B22DF3B9900435DF1 /* WeftButtonGenerator.h */ = {isa = PBXFileReference; lastKnownFileType = sourcecode.c.h; path = WeftButtonGenerator.h; sourceTree = "<group>"; };
		C9F3450C22DF3B9900435DF1 /* WeftButtonGenerator.m */ = {isa = PBXFileReference; lastKnownFileType = sourcecode.c.objc; path = WeftButtonGenerator.m; sourceTree = "<group>"; };
		C9F3450F22DF3BC400435DF1 /* WeftApplication.h */ = {isa = PBXFileReference; lastKnownFileType = sourcecode.c.h; path = WeftApplication.h; sourceTree = "<group>"; };
		C9F3451022DF3BC400435DF1 /* WeftApplication.m */ = {isa = PBXFileReference; lastKnownFileType = sourcecode.c.objc; path = WeftApplication.m; sourceTree = "<group>"; };
		C9F3451322DF426800435DF1 /* WeftCompiler.h */ = {isa = PBXFileReference; lastKnownFileType = sourcecode.c.h; path = WeftCompiler.h; sourceTree = "<group>"; };
		C9F3451422DF426800435DF1 /* WeftCompiler.m */ = {isa = PBXFileReference; lastKnownFileType = sourcecode.c.objc; path = WeftCompiler.m; sourceTree = "<group>"; };
		C9F3451722DF63D000435DF1 /* WeftRowGenerator.h */ = {isa = PBXFileReference; lastKnownFileType = sourcecode.c.h; path = WeftRowGenerator.h; sourceTree = "<group>"; };
		C9F3451822DF63D000435DF1 /* WeftRowGenerator.m */ = {isa = PBXFileReference; lastKnownFileType = sourcecode.c.objc; path = WeftRowGenerator.m; sourceTree = "<group>"; };
		C9F3451B22DF63DE00435DF1 /* WeftColGenerator.h */ = {isa = PBXFileReference; lastKnownFileType = sourcecode.c.h; path = WeftColGenerator.h; sourceTree = "<group>"; };
		C9F3451C22DF63DE00435DF1 /* WeftColGenerator.m */ = {isa = PBXFileReference; lastKnownFileType = sourcecode.c.objc; path = WeftColGenerator.m; sourceTree = "<group>"; };
		C9F3451F22DF63EB00435DF1 /* WeftTextfieldGenerator.h */ = {isa = PBXFileReference; lastKnownFileType = sourcecode.c.h; path = WeftTextfieldGenerator.h; sourceTree = "<group>"; };
		C9F3452022DF63EB00435DF1 /* WeftTextfieldGenerator.m */ = {isa = PBXFileReference; lastKnownFileType = sourcecode.c.objc; path = WeftTextfieldGenerator.m; sourceTree = "<group>"; };
		C9F3452322DF650500435DF1 /* WeftWindowGenerator.h */ = {isa = PBXFileReference; lastKnownFileType = sourcecode.c.h; path = WeftWindowGenerator.h; sourceTree = "<group>"; };
		C9F3452422DF650500435DF1 /* WeftWindowGenerator.m */ = {isa = PBXFileReference; lastKnownFileType = sourcecode.c.objc; path = WeftWindowGenerator.m; sourceTree = "<group>"; };
		C9F3452722DF716500435DF1 /* WeftFlippedView.h */ = {isa = PBXFileReference; lastKnownFileType = sourcecode.c.h; path = WeftFlippedView.h; sourceTree = "<group>"; };
		C9F3452822DF716500435DF1 /* WeftFlippedView.m */ = {isa = PBXFileReference; lastKnownFileType = sourcecode.c.objc; path = WeftFlippedView.m; sourceTree = "<group>"; };
		C9F3452D22E0571800435DF1 /* WeftCheckboxGenerator.h */ = {isa = PBXFileReference; lastKnownFileType = sourcecode.c.h; path = WeftCheckboxGenerator.h; sourceTree = "<group>"; };
		C9F3452E22E0571800435DF1 /* WeftCheckboxGenerator.m */ = {isa = PBXFileReference; lastKnownFileType = sourcecode.c.objc; path = WeftCheckboxGenerator.m; sourceTree = "<group>"; };
		C9F3453122E05B9800435DF1 /* WeftLabelGenerator.h */ = {isa = PBXFileReference; lastKnownFileType = sourcecode.c.h; path = WeftLabelGenerator.h; sourceTree = "<group>"; };
		C9F3453222E05B9800435DF1 /* WeftLabelGenerator.m */ = {isa = PBXFileReference; lastKnownFileType = sourcecode.c.objc; path = WeftLabelGenerator.m; sourceTree = "<group>"; };
		C9F5F41322E06C93003FD0F5 /* WeftPopupbuttonGenerator.h */ = {isa = PBXFileReference; lastKnownFileType = sourcecode.c.h; path = WeftPopupbuttonGenerator.h; sourceTree = "<group>"; };
		C9F5F41422E06C93003FD0F5 /* WeftPopupbuttonGenerator.m */ = {isa = PBXFileReference; lastKnownFileType = sourcecode.c.objc; path = WeftPopupbuttonGenerator.m; sourceTree = "<group>"; };
		C9F5F41F22E07B49003FD0F5 /* WeftOkGenerator.h */ = {isa = PBXFileReference; lastKnownFileType = sourcecode.c.h; path = WeftOkGenerator.h; sourceTree = "<group>"; };
		C9F5F42022E07B49003FD0F5 /* WeftOkGenerator.m */ = {isa = PBXFileReference; lastKnownFileType = sourcecode.c.objc; path = WeftOkGenerator.m; sourceTree = "<group>"; };
		C9F5F42322E07CCA003FD0F5 /* WeftCancelGenerator.h */ = {isa = PBXFileReference; lastKnownFileType = sourcecode.c.h; path = WeftCancelGenerator.h; sourceTree = "<group>"; };
		C9F5F42422E07CCA003FD0F5 /* WeftCancelGenerator.m */ = {isa = PBXFileReference; lastKnownFileType = sourcecode.c.objc; path = WeftCancelGenerator.m; sourceTree = "<group>"; };
		C9F5F42722E08076003FD0F5 /* WeftDatepickerGenerator.h */ = {isa = PBXFileReference; lastKnownFileType = sourcecode.c.h; path = WeftDatepickerGenerator.h; sourceTree = "<group>"; };
		C9F5F42822E08076003FD0F5 /* WeftDatepickerGenerator.m */ = {isa = PBXFileReference; lastKnownFileType = sourcecode.c.objc; path = WeftDatepickerGenerator.m; sourceTree = "<group>"; };
		C9F5F42B22E08E50003FD0F5 /* WeftTextboxGenerator.h */ = {isa = PBXFileReference; lastKnownFileType = sourcecode.c.h; path = WeftTextboxGenerator.h; sourceTree = "<group>"; };
		C9F5F42C22E08E50003FD0F5 /* WeftTextboxGenerator.m */ = {isa = PBXFileReference; lastKnownFileType = sourcecode.c.objc; path = WeftTextboxGenerator.m; sourceTree = "<group>"; };
		C9F5F42F22E095ED003FD0F5 /* WeftPasswordGenerator.h */ = {isa = PBXFileReference; lastKnownFileType = sourcecode.c.h; path = WeftPasswordGenerator.h; sourceTree = "<group>"; };
		C9F5F43022E095ED003FD0F5 /* WeftPasswordGenerator.m */ = {isa = PBXFileReference; lastKnownFileType = sourcecode.c.objc; path = WeftPasswordGenerator.m; sourceTree = "<group>"; };
		C9F5F43322E0BD97003FD0F5 /* example1.weft */ = {isa = PBXFileReference; lastKnownFileType = text; path = example1.weft; sourceTree = "<group>"; };
		C9F5F43522E0CE9E003FD0F5 /* WeftComboGenerator.h */ = {isa = PBXFileReference; lastKnownFileType = sourcecode.c.h; path = WeftComboGenerator.h; sourceTree = "<group>"; };
		C9F5F43622E0CE9E003FD0F5 /* WeftComboGenerator.m */ = {isa = PBXFileReference; lastKnownFileType = sourcecode.c.objc; path = WeftComboGenerator.m; sourceTree = "<group>"; };
/* End PBXFileReference section */

/* Begin PBXFrameworksBuildPhase section */
		C98449FB22DF35B3002ADAAC /* Frameworks */ = {
			isa = PBXFrameworksBuildPhase;
			buildActionMask = 2147483647;
			files = (
			);
			runOnlyForDeploymentPostprocessing = 0;
		};
		C9844A1E22DF3606002ADAAC /* Frameworks */ = {
			isa = PBXFrameworksBuildPhase;
			buildActionMask = 2147483647;
			files = (
				C9844A3222DF363B002ADAAC /* Weft.framework in Frameworks */,
			);
			runOnlyForDeploymentPostprocessing = 0;
		};
/* End PBXFrameworksBuildPhase section */

/* Begin PBXGroup section */
		C98449F422DF35B3002ADAAC = {
			isa = PBXGroup;
			children = (
				C9844A0022DF35B3002ADAAC /* Weft */,
				C9844A2222DF3606002ADAAC /* WeftHarness */,
				C98449FF22DF35B3002ADAAC /* Products */,
			);
			sourceTree = "<group>";
		};
		C98449FF22DF35B3002ADAAC /* Products */ = {
			isa = PBXGroup;
			children = (
				C98449FE22DF35B3002ADAAC /* Weft.framework */,
				C9844A2122DF3606002ADAAC /* WeftHarness.app */,
			);
			name = Products;
			sourceTree = "<group>";
		};
		C9844A0022DF35B3002ADAAC /* Weft */ = {
			isa = PBXGroup;
			children = (
				C9F3452C22DF767A00435DF1 /* UI */,
				C9F3452B22DF766D00435DF1 /* Compiler */,
				C9F3450622DF3B7800435DF1 /* Generators */,
				C9F344FD22DF370400435DF1 /* Categories */,
				C9844A1222DF35E5002ADAAC /* README.md */,
				C9844A1122DF35E5002ADAAC /* WeftRunner.h */,
				C9844A0F22DF35E5002ADAAC /* WeftRunner.m */,
				C9844A0122DF35B3002ADAAC /* Weft.h */,
				C9844A0222DF35B3002ADAAC /* Info.plist */,
				C9F3450F22DF3BC400435DF1 /* WeftApplication.h */,
				C9F3451022DF3BC400435DF1 /* WeftApplication.m */,
			);
			path = Weft;
			sourceTree = "<group>";
		};
		C9844A2222DF3606002ADAAC /* WeftHarness */ = {
			isa = PBXGroup;
			children = (
				C9844A2322DF3606002ADAAC /* AppDelegate.h */,
				C9844A2422DF3606002ADAAC /* AppDelegate.m */,
				C9844A2622DF3606002ADAAC /* Assets.xcassets */,
				C9844A2822DF3606002ADAAC /* MainMenu.xib */,
				C9844A2B22DF3606002ADAAC /* Info.plist */,
				C9844A2C22DF3606002ADAAC /* main.m */,
				C9844A2E22DF3606002ADAAC /* WeftHarness.entitlements */,
				C9F5F43322E0BD97003FD0F5 /* example1.weft */,
			);
			path = WeftHarness;
			sourceTree = "<group>";
		};
		C9F344FD22DF370400435DF1 /* Categories */ = {
			isa = PBXGroup;
			children = (
				C9F3450022DF371B00435DF1 /* NSDictionary+Weft.h */,
				C9F3450122DF371B00435DF1 /* NSDictionary+Weft.m */,
				C9F344FE22DF371B00435DF1 /* NSView+Weft.h */,
				C9F344FF22DF371B00435DF1 /* NSView+Weft.m */,
			);
			path = Categories;
			sourceTree = "<group>";
		};
		C9F3450622DF3B7800435DF1 /* Generators */ = {
			isa = PBXGroup;
			children = (
				C9F3450B22DF3B9900435DF1 /* WeftButtonGenerator.h */,
				C9F3450C22DF3B9900435DF1 /* WeftButtonGenerator.m */,
				C9F5F42322E07CCA003FD0F5 /* WeftCancelGenerator.h */,
				C9F5F42422E07CCA003FD0F5 /* WeftCancelGenerator.m */,
				C9F3452D22E0571800435DF1 /* WeftCheckboxGenerator.h */,
				C9F3452E22E0571800435DF1 /* WeftCheckboxGenerator.m */,
				C9F3451B22DF63DE00435DF1 /* WeftColGenerator.h */,
				C9F3451C22DF63DE00435DF1 /* WeftColGenerator.m */,
				C9F5F42722E08076003FD0F5 /* WeftDatepickerGenerator.h */,
				C9F5F42822E08076003FD0F5 /* WeftDatepickerGenerator.m */,
				C9F3450722DF3B8900435DF1 /* WeftElementGenerator.h */,
				C9F3450822DF3B8900435DF1 /* WeftElementGenerator.m */,
				C9F3453122E05B9800435DF1 /* WeftLabelGenerator.h */,
				C9F3453222E05B9800435DF1 /* WeftLabelGenerator.m */,
				C9F5F41F22E07B49003FD0F5 /* WeftOkGenerator.h */,
				C9F5F42022E07B49003FD0F5 /* WeftOkGenerator.m */,
				C9F5F42F22E095ED003FD0F5 /* WeftPasswordGenerator.h */,
				C9F5F43022E095ED003FD0F5 /* WeftPasswordGenerator.m */,
				C9F5F41322E06C93003FD0F5 /* WeftPopupbuttonGenerator.h */,
				C9F5F41422E06C93003FD0F5 /* WeftPopupbuttonGenerator.m */,
				C9F3451722DF63D000435DF1 /* WeftRowGenerator.h */,
				C9F3451822DF63D000435DF1 /* WeftRowGenerator.m */,
				C9F5F42B22E08E50003FD0F5 /* WeftTextboxGenerator.h */,
				C9F5F42C22E08E50003FD0F5 /* WeftTextboxGenerator.m */,
				C9F3451F22DF63EB00435DF1 /* WeftTextfieldGenerator.h */,
				C9F3452022DF63EB00435DF1 /* WeftTextfieldGenerator.m */,
				C9F3452322DF650500435DF1 /* WeftWindowGenerator.h */,
				C9F3452422DF650500435DF1 /* WeftWindowGenerator.m */,
				C9F5F43522E0CE9E003FD0F5 /* WeftComboGenerator.h */,
				C9F5F43622E0CE9E003FD0F5 /* WeftComboGenerator.m */,
			);
			path = Generators;
			sourceTree = "<group>";
		};
		C9F3452B22DF766D00435DF1 /* Compiler */ = {
			isa = PBXGroup;
			children = (
				C9844A0D22DF35E5002ADAAC /* WeftParser.h */,
				C9844A0E22DF35E5002ADAAC /* WeftParser.m */,
				C9F3451322DF426800435DF1 /* WeftCompiler.h */,
				C9F3451422DF426800435DF1 /* WeftCompiler.m */,
			);
			path = Compiler;
			sourceTree = "<group>";
		};
		C9F3452C22DF767A00435DF1 /* UI */ = {
			isa = PBXGroup;
			children = (
				C9844A1022DF35E5002ADAAC /* WeftViewController.h */,
				C9844A0B22DF35E5002ADAAC /* WeftViewController.m */,
				C9844A0922DF35E5002ADAAC /* WeftWindow.h */,
				C9844A0A22DF35E5002ADAAC /* WeftWindow.m */,
				C9F3452722DF716500435DF1 /* WeftFlippedView.h */,
				C9F3452822DF716500435DF1 /* WeftFlippedView.m */,
			);
			path = UI;
			sourceTree = "<group>";
		};
/* End PBXGroup section */

/* Begin PBXHeadersBuildPhase section */
		C98449F922DF35B3002ADAAC /* Headers */ = {
			isa = PBXHeadersBuildPhase;
			buildActionMask = 2147483647;
			files = (
				C9F3450222DF371B00435DF1 /* NSView+Weft.h in Headers */,
				C9844A1322DF35E5002ADAAC /* WeftWindow.h in Headers */,
				C9F5F42122E07B49003FD0F5 /* WeftOkGenerator.h in Headers */,
				C9844A0322DF35B3002ADAAC /* Weft.h in Headers */,
				C9F3451522DF426800435DF1 /* WeftCompiler.h in Headers */,
				C9F3452122DF63EB00435DF1 /* WeftTextfieldGenerator.h in Headers */,
				C9F5F42D22E08E50003FD0F5 /* WeftTextboxGenerator.h in Headers */,
				C9F3450D22DF3B9900435DF1 /* WeftButtonGenerator.h in Headers */,
				C9F5F43722E0CE9E003FD0F5 /* WeftComboGenerator.h in Headers */,
				C9F3450922DF3B8900435DF1 /* WeftElementGenerator.h in Headers */,
				C9844A1722DF35E5002ADAAC /* WeftParser.h in Headers */,
				C9F3452F22E0571800435DF1 /* WeftCheckboxGenerator.h in Headers */,
				C9F5F41522E06C93003FD0F5 /* WeftPopupbuttonGenerator.h in Headers */,
				C9844A1A22DF35E5002ADAAC /* WeftViewController.h in Headers */,
				C9F5F43122E095ED003FD0F5 /* WeftPasswordGenerator.h in Headers */,
				C9F3451D22DF63DE00435DF1 /* WeftColGenerator.h in Headers */,
				C9F3451122DF3BC400435DF1 /* WeftApplication.h in Headers */,
				C9F5F42522E07CCA003FD0F5 /* WeftCancelGenerator.h in Headers */,
				C9F3451922DF63D000435DF1 /* WeftRowGenerator.h in Headers */,
				C9F5F42922E08076003FD0F5 /* WeftDatepickerGenerator.h in Headers */,
				C9F3453322E05B9800435DF1 /* WeftLabelGenerator.h in Headers */,
				C9F3452922DF716500435DF1 /* WeftFlippedView.h in Headers */,
				C9F3450422DF371B00435DF1 /* NSDictionary+Weft.h in Headers */,
				C9F3452522DF650500435DF1 /* WeftWindowGenerator.h in Headers */,
				C9844A1B22DF35E5002ADAAC /* WeftRunner.h in Headers */,
			);
			runOnlyForDeploymentPostprocessing = 0;
		};
/* End PBXHeadersBuildPhase section */

/* Begin PBXNativeTarget section */
		C98449FD22DF35B3002ADAAC /* Weft */ = {
			isa = PBXNativeTarget;
			buildConfigurationList = C9844A0622DF35B3002ADAAC /* Build configuration list for PBXNativeTarget "Weft" */;
			buildPhases = (
				C98449F922DF35B3002ADAAC /* Headers */,
				C98449FA22DF35B3002ADAAC /* Sources */,
				C98449FB22DF35B3002ADAAC /* Frameworks */,
				C98449FC22DF35B3002ADAAC /* Resources */,
			);
			buildRules = (
			);
			dependencies = (
			);
			name = Weft;
			productName = Weft;
			productReference = C98449FE22DF35B3002ADAAC /* Weft.framework */;
			productType = "com.apple.product-type.framework";
		};
		C9844A2022DF3606002ADAAC /* WeftHarness */ = {
			isa = PBXNativeTarget;
			buildConfigurationList = C9844A2F22DF3607002ADAAC /* Build configuration list for PBXNativeTarget "WeftHarness" */;
			buildPhases = (
				C9844A1D22DF3606002ADAAC /* Sources */,
				C9844A1E22DF3606002ADAAC /* Frameworks */,
				C9844A1F22DF3606002ADAAC /* Resources */,
				C9844A3622DF363B002ADAAC /* Embed Frameworks */,
			);
			buildRules = (
			);
			dependencies = (
				C9844A3522DF363B002ADAAC /* PBXTargetDependency */,
			);
			name = WeftHarness;
			productName = WeftHarness;
			productReference = C9844A2122DF3606002ADAAC /* WeftHarness.app */;
			productType = "com.apple.product-type.application";
		};
/* End PBXNativeTarget section */

/* Begin PBXProject section */
		C98449F522DF35B3002ADAAC /* Project object */ = {
			isa = PBXProject;
			attributes = {
				LastUpgradeCheck = 1020;
				ORGANIZATIONNAME = TAON;
				TargetAttributes = {
					C98449FD22DF35B3002ADAAC = {
						CreatedOnToolsVersion = 10.2.1;
					};
					C9844A2022DF3606002ADAAC = {
						CreatedOnToolsVersion = 10.2.1;
						SystemCapabilities = {
							com.apple.Sandbox = {
								enabled = 0;
							};
						};
					};
				};
			};
			buildConfigurationList = C98449F822DF35B3002ADAAC /* Build configuration list for PBXProject "Weft" */;
			compatibilityVersion = "Xcode 9.3";
			developmentRegion = en;
			hasScannedForEncodings = 0;
			knownRegions = (
				en,
				Base,
			);
			mainGroup = C98449F422DF35B3002ADAAC;
			productRefGroup = C98449FF22DF35B3002ADAAC /* Products */;
			projectDirPath = "";
			projectRoot = "";
			targets = (
				C98449FD22DF35B3002ADAAC /* Weft */,
				C9844A2022DF3606002ADAAC /* WeftHarness */,
			);
		};
/* End PBXProject section */

/* Begin PBXResourcesBuildPhase section */
		C98449FC22DF35B3002ADAAC /* Resources */ = {
			isa = PBXResourcesBuildPhase;
			buildActionMask = 2147483647;
			files = (
				C9844A1C22DF35E5002ADAAC /* README.md in Resources */,
			);
			runOnlyForDeploymentPostprocessing = 0;
		};
		C9844A1F22DF3606002ADAAC /* Resources */ = {
			isa = PBXResourcesBuildPhase;
			buildActionMask = 2147483647;
			files = (
				C9F5F43422E0BD97003FD0F5 /* example1.weft in Resources */,
				C9844A2722DF3606002ADAAC /* Assets.xcassets in Resources */,
				C9844A2A22DF3606002ADAAC /* MainMenu.xib in Resources */,
			);
			runOnlyForDeploymentPostprocessing = 0;
		};
/* End PBXResourcesBuildPhase section */

/* Begin PBXSourcesBuildPhase section */
		C98449FA22DF35B3002ADAAC /* Sources */ = {
			isa = PBXSourcesBuildPhase;
			buildActionMask = 2147483647;
			files = (
				C9F3451E22DF63DE00435DF1 /* WeftColGenerator.m in Sources */,
				C9844A1822DF35E5002ADAAC /* WeftParser.m in Sources */,
				C9F3450E22DF3B9900435DF1 /* WeftButtonGenerator.m in Sources */,
				C9F3452A22DF716500435DF1 /* WeftFlippedView.m in Sources */,
				C9F3450322DF371B00435DF1 /* NSView+Weft.m in Sources */,
				C9F3450522DF371B00435DF1 /* NSDictionary+Weft.m in Sources */,
				C9F5F42A22E08076003FD0F5 /* WeftDatepickerGenerator.m in Sources */,
				C9F3453022E0571800435DF1 /* WeftCheckboxGenerator.m in Sources */,
				C9F3451622DF426800435DF1 /* WeftCompiler.m in Sources */,
				C9F5F41622E06C93003FD0F5 /* WeftPopupbuttonGenerator.m in Sources */,
				C9844A1522DF35E5002ADAAC /* WeftViewController.m in Sources */,
				C9F5F42222E07B49003FD0F5 /* WeftOkGenerator.m in Sources */,
				C9F5F43822E0CE9E003FD0F5 /* WeftComboGenerator.m in Sources */,
				C9F5F42622E07CCA003FD0F5 /* WeftCancelGenerator.m in Sources */,
				C9F3451A22DF63D000435DF1 /* WeftRowGenerator.m in Sources */,
				C9F5F43222E095ED003FD0F5 /* WeftPasswordGenerator.m in Sources */,
				C9F5F42E22E08E50003FD0F5 /* WeftTextboxGenerator.m in Sources */,
				C9F3453422E05B9800435DF1 /* WeftLabelGenerator.m in Sources */,
				C9F3452222DF63EB00435DF1 /* WeftTextfieldGenerator.m in Sources */,
				C9F3452622DF650500435DF1 /* WeftWindowGenerator.m in Sources */,
				C9844A1422DF35E5002ADAAC /* WeftWindow.m in Sources */,
				C9F3451222DF3BC400435DF1 /* WeftApplication.m in Sources */,
				C9F3450A22DF3B8900435DF1 /* WeftElementGenerator.m in Sources */,
				C9844A1922DF35E5002ADAAC /* WeftRunner.m in Sources */,
			);
			runOnlyForDeploymentPostprocessing = 0;
		};
		C9844A1D22DF3606002ADAAC /* Sources */ = {
			isa = PBXSourcesBuildPhase;
			buildActionMask = 2147483647;
			files = (
				C9844A2D22DF3606002ADAAC /* main.m in Sources */,
				C9844A2522DF3606002ADAAC /* AppDelegate.m in Sources */,
			);
			runOnlyForDeploymentPostprocessing = 0;
		};
/* End PBXSourcesBuildPhase section */

/* Begin PBXTargetDependency section */
		C9844A3522DF363B002ADAAC /* PBXTargetDependency */ = {
			isa = PBXTargetDependency;
			target = C98449FD22DF35B3002ADAAC /* Weft */;
			targetProxy = C9844A3422DF363B002ADAAC /* PBXContainerItemProxy */;
		};
/* End PBXTargetDependency section */

/* Begin PBXVariantGroup section */
		C9844A2822DF3606002ADAAC /* MainMenu.xib */ = {
			isa = PBXVariantGroup;
			children = (
				C9844A2922DF3606002ADAAC /* Base */,
			);
			name = MainMenu.xib;
			sourceTree = "<group>";
		};
/* End PBXVariantGroup section */

/* Begin XCBuildConfiguration section */
		C9844A0422DF35B3002ADAAC /* Debug */ = {
			isa = XCBuildConfiguration;
			buildSettings = {
				ALWAYS_SEARCH_USER_PATHS = NO;
				CLANG_ANALYZER_NONNULL = YES;
				CLANG_ANALYZER_NUMBER_OBJECT_CONVERSION = YES_AGGRESSIVE;
				CLANG_CXX_LANGUAGE_STANDARD = "gnu++14";
				CLANG_CXX_LIBRARY = "libc++";
				CLANG_ENABLE_MODULES = YES;
				CLANG_ENABLE_OBJC_ARC = YES;
				CLANG_ENABLE_OBJC_WEAK = YES;
				CLANG_WARN_BLOCK_CAPTURE_AUTORELEASING = YES;
				CLANG_WARN_BOOL_CONVERSION = YES;
				CLANG_WARN_COMMA = YES;
				CLANG_WARN_CONSTANT_CONVERSION = YES;
				CLANG_WARN_DEPRECATED_OBJC_IMPLEMENTATIONS = YES;
				CLANG_WARN_DIRECT_OBJC_ISA_USAGE = YES_ERROR;
				CLANG_WARN_DOCUMENTATION_COMMENTS = YES;
				CLANG_WARN_EMPTY_BODY = YES;
				CLANG_WARN_ENUM_CONVERSION = YES;
				CLANG_WARN_INFINITE_RECURSION = YES;
				CLANG_WARN_INT_CONVERSION = YES;
				CLANG_WARN_NON_LITERAL_NULL_CONVERSION = YES;
				CLANG_WARN_OBJC_IMPLICIT_RETAIN_SELF = YES;
				CLANG_WARN_OBJC_LITERAL_CONVERSION = YES;
				CLANG_WARN_OBJC_ROOT_CLASS = YES_ERROR;
				CLANG_WARN_RANGE_LOOP_ANALYSIS = YES;
				CLANG_WARN_STRICT_PROTOTYPES = YES;
				CLANG_WARN_SUSPICIOUS_MOVE = YES;
				CLANG_WARN_UNGUARDED_AVAILABILITY = YES_AGGRESSIVE;
				CLANG_WARN_UNREACHABLE_CODE = YES;
				CLANG_WARN__DUPLICATE_METHOD_MATCH = YES;
				CODE_SIGN_IDENTITY = "-";
				COPY_PHASE_STRIP = NO;
				CURRENT_PROJECT_VERSION = 1;
				DEBUG_INFORMATION_FORMAT = dwarf;
				ENABLE_STRICT_OBJC_MSGSEND = YES;
				ENABLE_TESTABILITY = YES;
				GCC_C_LANGUAGE_STANDARD = gnu11;
				GCC_DYNAMIC_NO_PIC = NO;
				GCC_NO_COMMON_BLOCKS = YES;
				GCC_OPTIMIZATION_LEVEL = 0;
				GCC_PREPROCESSOR_DEFINITIONS = (
					"DEBUG=1",
					"$(inherited)",
				);
				GCC_WARN_64_TO_32_BIT_CONVERSION = YES;
				GCC_WARN_ABOUT_RETURN_TYPE = YES_ERROR;
				GCC_WARN_UNDECLARED_SELECTOR = YES;
				GCC_WARN_UNINITIALIZED_AUTOS = YES_AGGRESSIVE;
				GCC_WARN_UNUSED_FUNCTION = YES;
				GCC_WARN_UNUSED_VARIABLE = YES;
				MACOSX_DEPLOYMENT_TARGET = 10.14;
				MTL_ENABLE_DEBUG_INFO = INCLUDE_SOURCE;
				MTL_FAST_MATH = YES;
				ONLY_ACTIVE_ARCH = YES;
				SDKROOT = macosx;
				VERSIONING_SYSTEM = "apple-generic";
				VERSION_INFO_PREFIX = "";
			};
			name = Debug;
		};
		C9844A0522DF35B3002ADAAC /* Release */ = {
			isa = XCBuildConfiguration;
			buildSettings = {
				ALWAYS_SEARCH_USER_PATHS = NO;
				CLANG_ANALYZER_NONNULL = YES;
				CLANG_ANALYZER_NUMBER_OBJECT_CONVERSION = YES_AGGRESSIVE;
				CLANG_CXX_LANGUAGE_STANDARD = "gnu++14";
				CLANG_CXX_LIBRARY = "libc++";
				CLANG_ENABLE_MODULES = YES;
				CLANG_ENABLE_OBJC_ARC = YES;
				CLANG_ENABLE_OBJC_WEAK = YES;
				CLANG_WARN_BLOCK_CAPTURE_AUTORELEASING = YES;
				CLANG_WARN_BOOL_CONVERSION = YES;
				CLANG_WARN_COMMA = YES;
				CLANG_WARN_CONSTANT_CONVERSION = YES;
				CLANG_WARN_DEPRECATED_OBJC_IMPLEMENTATIONS = YES;
				CLANG_WARN_DIRECT_OBJC_ISA_USAGE = YES_ERROR;
				CLANG_WARN_DOCUMENTATION_COMMENTS = YES;
				CLANG_WARN_EMPTY_BODY = YES;
				CLANG_WARN_ENUM_CONVERSION = YES;
				CLANG_WARN_INFINITE_RECURSION = YES;
				CLANG_WARN_INT_CONVERSION = YES;
				CLANG_WARN_NON_LITERAL_NULL_CONVERSION = YES;
				CLANG_WARN_OBJC_IMPLICIT_RETAIN_SELF = YES;
				CLANG_WARN_OBJC_LITERAL_CONVERSION = YES;
				CLANG_WARN_OBJC_ROOT_CLASS = YES_ERROR;
				CLANG_WARN_RANGE_LOOP_ANALYSIS = YES;
				CLANG_WARN_STRICT_PROTOTYPES = YES;
				CLANG_WARN_SUSPICIOUS_MOVE = YES;
				CLANG_WARN_UNGUARDED_AVAILABILITY = YES_AGGRESSIVE;
				CLANG_WARN_UNREACHABLE_CODE = YES;
				CLANG_WARN__DUPLICATE_METHOD_MATCH = YES;
				CODE_SIGN_IDENTITY = "-";
				COPY_PHASE_STRIP = NO;
				CURRENT_PROJECT_VERSION = 1;
				DEBUG_INFORMATION_FORMAT = "dwarf-with-dsym";
				ENABLE_NS_ASSERTIONS = NO;
				ENABLE_STRICT_OBJC_MSGSEND = YES;
				GCC_C_LANGUAGE_STANDARD = gnu11;
				GCC_NO_COMMON_BLOCKS = YES;
				GCC_WARN_64_TO_32_BIT_CONVERSION = YES;
				GCC_WARN_ABOUT_RETURN_TYPE = YES_ERROR;
				GCC_WARN_UNDECLARED_SELECTOR = YES;
				GCC_WARN_UNINITIALIZED_AUTOS = YES_AGGRESSIVE;
				GCC_WARN_UNUSED_FUNCTION = YES;
				GCC_WARN_UNUSED_VARIABLE = YES;
				MACOSX_DEPLOYMENT_TARGET = 10.14;
				MTL_ENABLE_DEBUG_INFO = NO;
				MTL_FAST_MATH = YES;
				SDKROOT = macosx;
				VERSIONING_SYSTEM = "apple-generic";
				VERSION_INFO_PREFIX = "";
			};
			name = Release;
		};
		C9844A0722DF35B3002ADAAC /* Debug */ = {
			isa = XCBuildConfiguration;
			buildSettings = {
				CODE_SIGN_IDENTITY = "";
				CODE_SIGN_STYLE = Automatic;
				COMBINE_HIDPI_IMAGES = YES;
				DEFINES_MODULE = YES;
				DYLIB_COMPATIBILITY_VERSION = 1;
				DYLIB_CURRENT_VERSION = 1;
				DYLIB_INSTALL_NAME_BASE = "@rpath";
				FRAMEWORK_VERSION = A;
				INFOPLIST_FILE = Weft/Info.plist;
				INSTALL_PATH = "$(LOCAL_LIBRARY_DIR)/Frameworks";
				LD_RUNPATH_SEARCH_PATHS = (
					"$(inherited)",
					"@executable_path/../Frameworks",
					"@loader_path/Frameworks",
				);
				PRODUCT_BUNDLE_IDENTIFIER = taon.Weft;
				PRODUCT_NAME = "$(TARGET_NAME:c99extidentifier)";
				SKIP_INSTALL = YES;
			};
			name = Debug;
		};
		C9844A0822DF35B3002ADAAC /* Release */ = {
			isa = XCBuildConfiguration;
			buildSettings = {
				CODE_SIGN_IDENTITY = "";
				CODE_SIGN_STYLE = Automatic;
				COMBINE_HIDPI_IMAGES = YES;
				DEFINES_MODULE = YES;
				DYLIB_COMPATIBILITY_VERSION = 1;
				DYLIB_CURRENT_VERSION = 1;
				DYLIB_INSTALL_NAME_BASE = "@rpath";
				FRAMEWORK_VERSION = A;
				INFOPLIST_FILE = Weft/Info.plist;
				INSTALL_PATH = "$(LOCAL_LIBRARY_DIR)/Frameworks";
				LD_RUNPATH_SEARCH_PATHS = (
					"$(inherited)",
					"@executable_path/../Frameworks",
					"@loader_path/Frameworks",
				);
				PRODUCT_BUNDLE_IDENTIFIER = taon.Weft;
				PRODUCT_NAME = "$(TARGET_NAME:c99extidentifier)";
				SKIP_INSTALL = YES;
			};
			name = Release;
		};
		C9844A3022DF3607002ADAAC /* Debug */ = {
			isa = XCBuildConfiguration;
			buildSettings = {
				ASSETCATALOG_COMPILER_APPICON_NAME = AppIcon;
				CODE_SIGN_STYLE = Manual;
				COMBINE_HIDPI_IMAGES = YES;
				DEVELOPMENT_TEAM = "";
				INFOPLIST_FILE = WeftHarness/Info.plist;
				LD_RUNPATH_SEARCH_PATHS = (
					"$(inherited)",
					"@executable_path/../Frameworks",
				);
				PRODUCT_BUNDLE_IDENTIFIER = taon.WeftHarness;
				PRODUCT_NAME = "$(TARGET_NAME)";
				PROVISIONING_PROFILE_SPECIFIER = "";
			};
			name = Debug;
		};
		C9844A3122DF3607002ADAAC /* Release */ = {
			isa = XCBuildConfiguration;
			buildSettings = {
				ASSETCATALOG_COMPILER_APPICON_NAME = AppIcon;
				CODE_SIGN_STYLE = Manual;
				COMBINE_HIDPI_IMAGES = YES;
				DEVELOPMENT_TEAM = "";
				INFOPLIST_FILE = WeftHarness/Info.plist;
				LD_RUNPATH_SEARCH_PATHS = (
					"$(inherited)",
					"@executable_path/../Frameworks",
				);
				PRODUCT_BUNDLE_IDENTIFIER = taon.WeftHarness;
				PRODUCT_NAME = "$(TARGET_NAME)";
				PROVISIONING_PROFILE_SPECIFIER = "";
			};
			name = Release;
		};
/* End XCBuildConfiguration section */

/* Begin XCConfigurationList section */
		C98449F822DF35B3002ADAAC /* Build configuration list for PBXProject "Weft" */ = {
			isa = XCConfigurationList;
			buildConfigurations = (
				C9844A0422DF35B3002ADAAC /* Debug */,
				C9844A0522DF35B3002ADAAC /* Release */,
			);
			defaultConfigurationIsVisible = 0;
			defaultConfigurationName = Release;
		};
		C9844A0622DF35B3002ADAAC /* Build configuration list for PBXNativeTarget "Weft" */ = {
			isa = XCConfigurationList;
			buildConfigurations = (
				C9844A0722DF35B3002ADAAC /* Debug */,
				C9844A0822DF35B3002ADAAC /* Release */,
			);
			defaultConfigurationIsVisible = 0;
			defaultConfigurationName = Release;
		};
		C9844A2F22DF3607002ADAAC /* Build configuration list for PBXNativeTarget "WeftHarness" */ = {
			isa = XCConfigurationList;
			buildConfigurations = (
				C9844A3022DF3607002ADAAC /* Debug */,
				C9844A3122DF3607002ADAAC /* Release */,
			);
			defaultConfigurationIsVisible = 0;
			defaultConfigurationName = Release;
		};
/* End XCConfigurationList section */
	};
	rootObject = C98449F522DF35B3002ADAAC /* Project object */;
}
